
Microsoft Visual Studio Solution File, Format Version 12.00
# Visual Studio Version 17
VisualStudioVersion = 17.0.31903.59
MinimumVisualStudioVersion = 10.0.40219.1
EndProject
Global
	GlobalSection(SolutionConfigurationPlatforms) = preSolution
		Debug|Any CPU = Debug|Any CPU
		Release|Any CPU = Release|Any CPU
	EndGlobalSection
	GlobalSection(SolutionProperties) = preSolution
		HideSolutionNode = FALSE
	EndGlobalSection
	GlobalSection(ProjectConfigurationPlatforms) = postSolution
		{31CD0116-D3ED-4824-A0D4-9C44138BAEA2}.Debug|Any CPU.ActiveCfg = Debug|Any CPU
		{31CD0116-D3ED-4824-A0D4-9C44138BAEA2}.Debug|Any CPU.Build.0 = Debug|Any CPU
		{31CD0116-D3ED-4824-A0D4-9C44138BAEA2}.Release|Any CPU.ActiveCfg = Release|Any CPU
		{31CD0116-D3ED-4824-A0D4-9C44138BAEA2}.Release|Any CPU.Build.0 = Release|Any CPU
	EndGlobalSection
EndGlobal
